
Microsoft Visual Studio Solution File, Format Version 12.00
# Visual Studio Version 17
VisualStudioVersion = 17.3.32825.248
MinimumVisualStudioVersion = 10.0.40219.1
Project("{FAE04EC0-301F-11D3-BF4B-00C04F79EFBC}") = "Devs2Blu.ProjetosAula.CSharpMVCRevisao", "src\Devs2Blu.ProjetosAula.CSharpMVCRevisao\Devs2Blu.ProjetosAula.CSharpMVCRevisao.csproj", "{841B5207-BA4E-4C33-B9B5-2F16C94F02ED}"
EndProject
Global
	GlobalSection(SolutionConfigurationPlatforms) = preSolution
		Debug|Any CPU = Debug|Any CPU
		Release|Any CPU = Release|Any CPU
	EndGlobalSection
	GlobalSection(ProjectConfigurationPlatforms) = postSolution
		{841B5207-BA4E-4C33-B9B5-2F16C94F02ED}.Debug|Any CPU.ActiveCfg = Debug|Any CPU
		{841B5207-BA4E-4C33-B9B5-2F16C94F02ED}.Debug|Any CPU.Build.0 = Debug|Any CPU
		{841B5207-BA4E-4C33-B9B5-2F16C94F02ED}.Release|Any CPU.ActiveCfg = Release|Any CPU
		{841B5207-BA4E-4C33-B9B5-2F16C94F02ED}.Release|Any CPU.Build.0 = Release|Any CPU
	EndGlobalSection
	GlobalSection(SolutionProperties) = preSolution
		HideSolutionNode = FALSE
	EndGlobalSection
	GlobalSection(ExtensibilityGlobals) = postSolution
		SolutionGuid = {56EF951D-0996-4B4D-BCBE-38E69258A132}
	EndGlobalSection
EndGlobal
