
Microsoft Visual Studio Solution File, Format Version 12.00
# Visual Studio Version 17
VisualStudioVersion = 17.3.32825.248
MinimumVisualStudioVersion = 10.0.40219.1
Project("{FAE04EC0-301F-11D3-BF4B-00C04F79EFBC}") = "Devs2Blu.ProjetosAula.MVCSQLServerApp2.Web", "src\Devs2Blu.ProjetosAula.MVCSQLServerApp2.Web\Devs2Blu.ProjetosAula.MVCSQLServerApp2.Web.csproj", "{07C8EBBC-7791-4A5A-B939-9067D8CC1581}"
EndProject
Global
	GlobalSection(SolutionConfigurationPlatforms) = preSolution
		Debug|Any CPU = Debug|Any CPU
		Release|Any CPU = Release|Any CPU
	EndGlobalSection
	GlobalSection(ProjectConfigurationPlatforms) = postSolution
		{07C8EBBC-7791-4A5A-B939-9067D8CC1581}.Debug|Any CPU.ActiveCfg = Debug|Any CPU
		{07C8EBBC-7791-4A5A-B939-9067D8CC1581}.Debug|Any CPU.Build.0 = Debug|Any CPU
		{07C8EBBC-7791-4A5A-B939-9067D8CC1581}.Release|Any CPU.ActiveCfg = Release|Any CPU
		{07C8EBBC-7791-4A5A-B939-9067D8CC1581}.Release|Any CPU.Build.0 = Release|Any CPU
	EndGlobalSection
	GlobalSection(SolutionProperties) = preSolution
		HideSolutionNode = FALSE
	EndGlobalSection
	GlobalSection(ExtensibilityGlobals) = postSolution
		SolutionGuid = {52DAF947-9CF7-4ED5-9C8E-6D92A8EA201B}
	EndGlobalSection
EndGlobal
