
Microsoft Visual Studio Solution File, Format Version 12.00
# Visual Studio Version 17
VisualStudioVersion = 17.3.32825.248
MinimumVisualStudioVersion = 10.0.40219.1
Project("{FAE04EC0-301F-11D3-BF4B-00C04F79EFBC}") = "CursoDev2Blu.ProjetosAulas.ProjetoAula2", "CursoDev2Blu.ProjetosAulas.ProjetoAula2\CursoDev2Blu.ProjetosAulas.ProjetoAula2.csproj", "{C480ACA8-7D0F-43AF-A0CC-E665954FE452}"
EndProject
Global
	GlobalSection(SolutionConfigurationPlatforms) = preSolution
		Debug|Any CPU = Debug|Any CPU
		Release|Any CPU = Release|Any CPU
	EndGlobalSection
	GlobalSection(ProjectConfigurationPlatforms) = postSolution
		{C480ACA8-7D0F-43AF-A0CC-E665954FE452}.Debug|Any CPU.ActiveCfg = Debug|Any CPU
		{C480ACA8-7D0F-43AF-A0CC-E665954FE452}.Debug|Any CPU.Build.0 = Debug|Any CPU
		{C480ACA8-7D0F-43AF-A0CC-E665954FE452}.Release|Any CPU.ActiveCfg = Release|Any CPU
		{C480ACA8-7D0F-43AF-A0CC-E665954FE452}.Release|Any CPU.Build.0 = Release|Any CPU
	EndGlobalSection
	GlobalSection(SolutionProperties) = preSolution
		HideSolutionNode = FALSE
	EndGlobalSection
	GlobalSection(ExtensibilityGlobals) = postSolution
		SolutionGuid = {970CCDE6-EFDC-41FA-A24C-6A0931223889}
	EndGlobalSection
EndGlobal
