
Microsoft Visual Studio Solution File, Format Version 12.00
# Visual Studio Version 17
VisualStudioVersion = 17.3.32825.248
MinimumVisualStudioVersion = 10.0.40219.1
Project("{FAE04EC0-301F-11D3-BF4B-00C04F79EFBC}") = "Devs2Blu.ProjetosAula3.ProjetoCondicionais", "src\Devs2Blu.ProjetosAula3.ProjetoCondicionais\Devs2Blu.ProjetosAula3.ProjetoCondicionais.csproj", "{1C390733-ADE0-4AC0-AFA4-36164CD14B2B}"
EndProject
Global
	GlobalSection(SolutionConfigurationPlatforms) = preSolution
		Debug|Any CPU = Debug|Any CPU
		Release|Any CPU = Release|Any CPU
	EndGlobalSection
	GlobalSection(ProjectConfigurationPlatforms) = postSolution
		{1C390733-ADE0-4AC0-AFA4-36164CD14B2B}.Debug|Any CPU.ActiveCfg = Debug|Any CPU
		{1C390733-ADE0-4AC0-AFA4-36164CD14B2B}.Debug|Any CPU.Build.0 = Debug|Any CPU
		{1C390733-ADE0-4AC0-AFA4-36164CD14B2B}.Release|Any CPU.ActiveCfg = Release|Any CPU
		{1C390733-ADE0-4AC0-AFA4-36164CD14B2B}.Release|Any CPU.Build.0 = Release|Any CPU
	EndGlobalSection
	GlobalSection(SolutionProperties) = preSolution
		HideSolutionNode = FALSE
	EndGlobalSection
	GlobalSection(ExtensibilityGlobals) = postSolution
		SolutionGuid = {1B21D5D3-0D2C-4B36-8D34-DEB25CE6FF79}
	EndGlobalSection
EndGlobal
