
Microsoft Visual Studio Solution File, Format Version 12.00
# Visual Studio Version 17
VisualStudioVersion = 17.3.32825.248
MinimumVisualStudioVersion = 10.0.40219.1
Project("{FAE04EC0-301F-11D3-BF4B-00C04F79EFBC}") = "Devs2Blu.ProjetosAula.Aula5", "src\Devs2Blu.ProjetosAula.Aula5\Devs2Blu.ProjetosAula.Aula5.csproj", "{C007427F-D5CD-4E5F-9867-ACA77475E9AA}"
EndProject
Global
	GlobalSection(SolutionConfigurationPlatforms) = preSolution
		Debug|Any CPU = Debug|Any CPU
		Release|Any CPU = Release|Any CPU
	EndGlobalSection
	GlobalSection(ProjectConfigurationPlatforms) = postSolution
		{C007427F-D5CD-4E5F-9867-ACA77475E9AA}.Debug|Any CPU.ActiveCfg = Debug|Any CPU
		{C007427F-D5CD-4E5F-9867-ACA77475E9AA}.Debug|Any CPU.Build.0 = Debug|Any CPU
		{C007427F-D5CD-4E5F-9867-ACA77475E9AA}.Release|Any CPU.ActiveCfg = Release|Any CPU
		{C007427F-D5CD-4E5F-9867-ACA77475E9AA}.Release|Any CPU.Build.0 = Release|Any CPU
	EndGlobalSection
	GlobalSection(SolutionProperties) = preSolution
		HideSolutionNode = FALSE
	EndGlobalSection
	GlobalSection(ExtensibilityGlobals) = postSolution
		SolutionGuid = {ACF788FB-9FB7-4F3E-A894-A4C4929C957A}
	EndGlobalSection
EndGlobal
