
Microsoft Visual Studio Solution File, Format Version 12.00
# Visual Studio Version 17
VisualStudioVersion = 17.3.32825.248
MinimumVisualStudioVersion = 10.0.40219.1
Project("{FAE04EC0-301F-11D3-BF4B-00C04F79EFBC}") = "RevisaoProjetoNoticias.Infra.Data", "src\RevisaoProjetoNoticias.Infra.Data\RevisaoProjetoNoticias.Infra.Data.csproj", "{315AA0D9-5B73-492F-B2D5-7FC52F3EC1E3}"
EndProject
Project("{FAE04EC0-301F-11D3-BF4B-00C04F79EFBC}") = "RevisaoProjetoNoticias.Domain", "src\RevisaoProjetoNoticias.Domain\RevisaoProjetoNoticias.Domain.csproj", "{1F8B369C-AD2A-46CA-849A-D36547228F01}"
EndProject
Project("{FAE04EC0-301F-11D3-BF4B-00C04F79EFBC}") = "RevisaoProjetoNoticias.Web", "src\RevisaoProjetoNoticias.Web\RevisaoProjetoNoticias.Web.csproj", "{56E474E2-1720-4460-BAA0-CB74A11FCFC4}"
EndProject
Project("{FAE04EC0-301F-11D3-BF4B-00C04F79EFBC}") = "RevisaoProjetoNoticias.Application.Service", "src\RevisaoProjetoNoticias.Application.Service\RevisaoProjetoNoticias.Application.Service.csproj", "{D3592094-F959-4654-825B-466F314436EC}"
EndProject
Global
	GlobalSection(SolutionConfigurationPlatforms) = preSolution
		Debug|Any CPU = Debug|Any CPU
		Release|Any CPU = Release|Any CPU
	EndGlobalSection
	GlobalSection(ProjectConfigurationPlatforms) = postSolution
		{315AA0D9-5B73-492F-B2D5-7FC52F3EC1E3}.Debug|Any CPU.ActiveCfg = Debug|Any CPU
		{315AA0D9-5B73-492F-B2D5-7FC52F3EC1E3}.Debug|Any CPU.Build.0 = Debug|Any CPU
		{315AA0D9-5B73-492F-B2D5-7FC52F3EC1E3}.Release|Any CPU.ActiveCfg = Release|Any CPU
		{315AA0D9-5B73-492F-B2D5-7FC52F3EC1E3}.Release|Any CPU.Build.0 = Release|Any CPU
		{1F8B369C-AD2A-46CA-849A-D36547228F01}.Debug|Any CPU.ActiveCfg = Debug|Any CPU
		{1F8B369C-AD2A-46CA-849A-D36547228F01}.Debug|Any CPU.Build.0 = Debug|Any CPU
		{1F8B369C-AD2A-46CA-849A-D36547228F01}.Release|Any CPU.ActiveCfg = Release|Any CPU
		{1F8B369C-AD2A-46CA-849A-D36547228F01}.Release|Any CPU.Build.0 = Release|Any CPU
		{56E474E2-1720-4460-BAA0-CB74A11FCFC4}.Debug|Any CPU.ActiveCfg = Debug|Any CPU
		{56E474E2-1720-4460-BAA0-CB74A11FCFC4}.Debug|Any CPU.Build.0 = Debug|Any CPU
		{56E474E2-1720-4460-BAA0-CB74A11FCFC4}.Release|Any CPU.ActiveCfg = Release|Any CPU
		{56E474E2-1720-4460-BAA0-CB74A11FCFC4}.Release|Any CPU.Build.0 = Release|Any CPU
		{D3592094-F959-4654-825B-466F314436EC}.Debug|Any CPU.ActiveCfg = Debug|Any CPU
		{D3592094-F959-4654-825B-466F314436EC}.Debug|Any CPU.Build.0 = Debug|Any CPU
		{D3592094-F959-4654-825B-466F314436EC}.Release|Any CPU.ActiveCfg = Release|Any CPU
		{D3592094-F959-4654-825B-466F314436EC}.Release|Any CPU.Build.0 = Release|Any CPU
	EndGlobalSection
	GlobalSection(SolutionProperties) = preSolution
		HideSolutionNode = FALSE
	EndGlobalSection
	GlobalSection(ExtensibilityGlobals) = postSolution
		SolutionGuid = {1936A92E-D3EE-4602-85EA-E26F349E69F0}
	EndGlobalSection
EndGlobal
