
Microsoft Visual Studio Solution File, Format Version 12.00
# Visual Studio Version 17
VisualStudioVersion = 17.3.32825.248
MinimumVisualStudioVersion = 10.0.40219.1
Project("{FAE04EC0-301F-11D3-BF4B-00C04F79EFBC}") = "Devs2Blu.LivrosProjetoMVC", "src\Devs2Blu.LivrosProjetoMVC\Devs2Blu.LivrosProjetoMVC.csproj", "{AD216718-D851-4A18-81AD-06B231B87025}"
EndProject
Global
	GlobalSection(SolutionConfigurationPlatforms) = preSolution
		Debug|Any CPU = Debug|Any CPU
		Release|Any CPU = Release|Any CPU
	EndGlobalSection
	GlobalSection(ProjectConfigurationPlatforms) = postSolution
		{AD216718-D851-4A18-81AD-06B231B87025}.Debug|Any CPU.ActiveCfg = Debug|Any CPU
		{AD216718-D851-4A18-81AD-06B231B87025}.Debug|Any CPU.Build.0 = Debug|Any CPU
		{AD216718-D851-4A18-81AD-06B231B87025}.Release|Any CPU.ActiveCfg = Release|Any CPU
		{AD216718-D851-4A18-81AD-06B231B87025}.Release|Any CPU.Build.0 = Release|Any CPU
	EndGlobalSection
	GlobalSection(SolutionProperties) = preSolution
		HideSolutionNode = FALSE
	EndGlobalSection
	GlobalSection(ExtensibilityGlobals) = postSolution
		SolutionGuid = {5D9E6D3D-733D-47D4-986B-02D625592B3F}
	EndGlobalSection
EndGlobal
