
Microsoft Visual Studio Solution File, Format Version 12.00
# Visual Studio Version 17
VisualStudioVersion = 17.3.32825.248
MinimumVisualStudioVersion = 10.0.40219.1
Project("{FAE04EC0-301F-11D3-BF4B-00C04F79EFBC}") = "Devs2Blu.ProjetosAula.MVCSQL.Web", "src\Devs2Blu.ProjetosAula.MVCSQL.Web\Devs2Blu.ProjetosAula.MVCSQL.Web.csproj", "{C3254D5D-146D-4DB3-989B-1EF8692C4CA4}"
EndProject
Global
	GlobalSection(SolutionConfigurationPlatforms) = preSolution
		Debug|Any CPU = Debug|Any CPU
		Release|Any CPU = Release|Any CPU
	EndGlobalSection
	GlobalSection(ProjectConfigurationPlatforms) = postSolution
		{C3254D5D-146D-4DB3-989B-1EF8692C4CA4}.Debug|Any CPU.ActiveCfg = Debug|Any CPU
		{C3254D5D-146D-4DB3-989B-1EF8692C4CA4}.Debug|Any CPU.Build.0 = Debug|Any CPU
		{C3254D5D-146D-4DB3-989B-1EF8692C4CA4}.Release|Any CPU.ActiveCfg = Release|Any CPU
		{C3254D5D-146D-4DB3-989B-1EF8692C4CA4}.Release|Any CPU.Build.0 = Release|Any CPU
	EndGlobalSection
	GlobalSection(SolutionProperties) = preSolution
		HideSolutionNode = FALSE
	EndGlobalSection
	GlobalSection(ExtensibilityGlobals) = postSolution
		SolutionGuid = {399A4D36-DEB7-4BEE-A9F4-032B2E76EC7D}
	EndGlobalSection
EndGlobal
