
Microsoft Visual Studio Solution File, Format Version 12.00
# Visual Studio Version 17
VisualStudioVersion = 17.3.32825.248
MinimumVisualStudioVersion = 10.0.40219.1
Project("{FAE04EC0-301F-11D3-BF4B-00C04F79EFBC}") = "Devs2Blu.CopaMundo", "src\Devs2Blu.CopaMundo\Devs2Blu.CopaMundo.csproj", "{8B9A15EE-0749-4DD3-BE61-53767EE6455B}"
EndProject
Global
	GlobalSection(SolutionConfigurationPlatforms) = preSolution
		Debug|Any CPU = Debug|Any CPU
		Release|Any CPU = Release|Any CPU
	EndGlobalSection
	GlobalSection(ProjectConfigurationPlatforms) = postSolution
		{8B9A15EE-0749-4DD3-BE61-53767EE6455B}.Debug|Any CPU.ActiveCfg = Debug|Any CPU
		{8B9A15EE-0749-4DD3-BE61-53767EE6455B}.Debug|Any CPU.Build.0 = Debug|Any CPU
		{8B9A15EE-0749-4DD3-BE61-53767EE6455B}.Release|Any CPU.ActiveCfg = Release|Any CPU
		{8B9A15EE-0749-4DD3-BE61-53767EE6455B}.Release|Any CPU.Build.0 = Release|Any CPU
	EndGlobalSection
	GlobalSection(SolutionProperties) = preSolution
		HideSolutionNode = FALSE
	EndGlobalSection
	GlobalSection(ExtensibilityGlobals) = postSolution
		SolutionGuid = {6DBC2333-6227-4A3C-AF5D-D71404CF4AEB}
	EndGlobalSection
EndGlobal
