
Microsoft Visual Studio Solution File, Format Version 12.00
# Visual Studio Version 17
VisualStudioVersion = 17.3.32825.248
MinimumVisualStudioVersion = 10.0.40219.1
Project("{FAE04EC0-301F-11D3-BF4B-00C04F79EFBC}") = "Devs2Blu.ProjetosAula.AulaOOP2", "src\Devs2Blu.ProjetosAula.AulaOOP2\Devs2Blu.ProjetosAula.AulaOOP2.csproj", "{1C1DF8B5-9F61-4BF3-9E68-CCA626EE5DE1}"
EndProject
Project("{FAE04EC0-301F-11D3-BF4B-00C04F79EFBC}") = "Devs2Blu.ProjetosAula.AulaOOP2.Classes", "src\Devs2Blu.ProjetosAula.AulaOOP2.Classes\Devs2Blu.ProjetosAula.AulaOOP2.Classes.csproj", "{03AF0631-B478-4975-9377-7A21A7389086}"
EndProject
Global
	GlobalSection(SolutionConfigurationPlatforms) = preSolution
		Debug|Any CPU = Debug|Any CPU
		Release|Any CPU = Release|Any CPU
	EndGlobalSection
	GlobalSection(ProjectConfigurationPlatforms) = postSolution
		{1C1DF8B5-9F61-4BF3-9E68-CCA626EE5DE1}.Debug|Any CPU.ActiveCfg = Debug|Any CPU
		{1C1DF8B5-9F61-4BF3-9E68-CCA626EE5DE1}.Debug|Any CPU.Build.0 = Debug|Any CPU
		{1C1DF8B5-9F61-4BF3-9E68-CCA626EE5DE1}.Release|Any CPU.ActiveCfg = Release|Any CPU
		{1C1DF8B5-9F61-4BF3-9E68-CCA626EE5DE1}.Release|Any CPU.Build.0 = Release|Any CPU
		{03AF0631-B478-4975-9377-7A21A7389086}.Debug|Any CPU.ActiveCfg = Debug|Any CPU
		{03AF0631-B478-4975-9377-7A21A7389086}.Debug|Any CPU.Build.0 = Debug|Any CPU
		{03AF0631-B478-4975-9377-7A21A7389086}.Release|Any CPU.ActiveCfg = Release|Any CPU
		{03AF0631-B478-4975-9377-7A21A7389086}.Release|Any CPU.Build.0 = Release|Any CPU
	EndGlobalSection
	GlobalSection(SolutionProperties) = preSolution
		HideSolutionNode = FALSE
	EndGlobalSection
	GlobalSection(ExtensibilityGlobals) = postSolution
		SolutionGuid = {6A00FB1A-222C-4900-911F-772880EA806F}
	EndGlobalSection
EndGlobal
