
Microsoft Visual Studio Solution File, Format Version 12.00
# Visual Studio Version 17
VisualStudioVersion = 17.3.32825.248
MinimumVisualStudioVersion = 10.0.40219.1
Project("{FAE04EC0-301F-11D3-BF4B-00C04F79EFBC}") = "Devs2Blu.ProjetoFriends", "src\Devs2Blu.ProjetoFriends\Devs2Blu.ProjetoFriends.csproj", "{D5792CB5-5156-4485-98C7-6AF9408EA6C3}"
EndProject
Global
	GlobalSection(SolutionConfigurationPlatforms) = preSolution
		Debug|Any CPU = Debug|Any CPU
		Release|Any CPU = Release|Any CPU
	EndGlobalSection
	GlobalSection(ProjectConfigurationPlatforms) = postSolution
		{D5792CB5-5156-4485-98C7-6AF9408EA6C3}.Debug|Any CPU.ActiveCfg = Debug|Any CPU
		{D5792CB5-5156-4485-98C7-6AF9408EA6C3}.Debug|Any CPU.Build.0 = Debug|Any CPU
		{D5792CB5-5156-4485-98C7-6AF9408EA6C3}.Release|Any CPU.ActiveCfg = Release|Any CPU
		{D5792CB5-5156-4485-98C7-6AF9408EA6C3}.Release|Any CPU.Build.0 = Release|Any CPU
	EndGlobalSection
	GlobalSection(SolutionProperties) = preSolution
		HideSolutionNode = FALSE
	EndGlobalSection
	GlobalSection(ExtensibilityGlobals) = postSolution
		SolutionGuid = {B49F396B-9A52-41FA-8D46-338345DA4F50}
	EndGlobalSection
EndGlobal
